  - Agc:
  # A6L camera phase 3: contrast AF on the GT9769 VCM (device/hisense/a6l/camera/af, docs/camera-af-video-20260929.md).
  # infinityDac/macroDac = stock no-OTP actuator range (libactuator_gt9769.so initial_code 227 + 400 steps x 1 code);
  # replace with this unit's OTP values (run-af.sh MODE=otp prints A6L_AF_OTP macro=<m> infinity=<i>) once read.
  - Af:
      infinityDac: 227
      macroDac: 627
      infinityMargin: -0.25
      macroMargin: 0.05
      macroDioptres: 10.0
      defaultDioptres: 0.2
      coarseSteps: 12
      fineSteps: 4
      settleFrames: 3
      minContrast: 0.0001
      minPeakRatio: 1.10
      stopRatio: 0.70
      rescanDrop: 0.65
      rescanRise: 1.60
      rescanCount: 3
